
Microsoft Visual Studio Solution File, Format Version 12.00
# Visual Studio Version 17
VisualStudioVersion = 17.4.33205.214
MinimumVisualStudioVersion = 10.0.40219.1
Project("{FAE04EC0-301F-11D3-BF4B-00C04F79EFBC}") = "PrintArray2", "PrintArray2.csproj", "{D13F41B1-94B1-4FA8-8A4A-F11571CB2970}"
EndProject
Global
	GlobalSection(SolutionConfigurationPlatforms) = preSolution
		Debug|Any CPU = Debug|Any CPU
		Release|Any CPU = Release|Any CPU
	EndGlobalSection
	GlobalSection(ProjectConfigurationPlatforms) = postSolution
		{D13F41B1-94B1-4FA8-8A4A-F11571CB2970}.Debug|Any CPU.ActiveCfg = Debug|Any CPU
		{D13F41B1-94B1-4FA8-8A4A-F11571CB2970}.Debug|Any CPU.Build.0 = Debug|Any CPU
		{D13F41B1-94B1-4FA8-8A4A-F11571CB2970}.Release|Any CPU.ActiveCfg = Release|Any CPU
		{D13F41B1-94B1-4FA8-8A4A-F11571CB2970}.Release|Any CPU.Build.0 = Release|Any CPU
	EndGlobalSection
	GlobalSection(SolutionProperties) = preSolution
		HideSolutionNode = FALSE
	EndGlobalSection
	GlobalSection(ExtensibilityGlobals) = postSolution
		SolutionGuid = {8994223D-4036-453D-B7C1-C27BA20C279D}
	EndGlobalSection
EndGlobal
